
Microsoft Visual Studio Solution File, Format Version 12.00
# Visual Studio Version 17
VisualStudioVersion = 17.13.35806.99 d17.13
MinimumVisualStudioVersion = 10.0.40219.1
Project("{2150E333-8FDC-42A3-9474-1A3956D46DE8}") = "src", "src", "{02EA681E-C7D8-13C7-8484-4AC65E1B71E8}"
EndProject
Project("{2150E333-8FDC-42A3-9474-1A3956D46DE8}") = "Core", "Core", "{7FE3257B-3C61-478D-A56D-2203CA753180}"
EndProject
Project("{2150E333-8FDC-42A3-9474-1A3956D46DE8}") = "Infrastructure", "Infrastructure", "{97DB77BB-C606-4C77-8B6A-03D7FE50127E}"
EndProject
Project("{2150E333-8FDC-42A3-9474-1A3956D46DE8}") = "Presentation", "Presentation", "{023B7370-CFA1-45B6-BC89-CA5272CF4F0B}"
EndProject
Project("{FAE04EC0-301F-11D3-BF4B-00C04F79EFBC}") = "ECommerce.Domain", "ECommerce.Domain\ECommerce.Domain.csproj", "{0DB35FDC-2FEC-4365-A85E-B53B95379B2D}"
EndProject
Project("{FAE04EC0-301F-11D3-BF4B-00C04F79EFBC}") = "ECommerce.Application", "ECommerce.Application\ECommerce.Application.csproj", "{73774854-CCBE-4FC0-AE66-724F72CC2828}"
EndProject
Project("{FAE04EC0-301F-11D3-BF4B-00C04F79EFBC}") = "ECommerce.Persistence", "ECommerce.Persistence\ECommerce.Persistence.csproj", "{1CBB9316-BFB6-4E24-B977-7E0364395936}"
EndProject
Project("{FAE04EC0-301F-11D3-BF4B-00C04F79EFBC}") = "ECommerce.WebAPI", "ECommerce.WebAPI\ECommerce.WebAPI.csproj", "{42C90A41-858E-4600-B5AD-F358A5C0D980}"
EndProject
Global
	GlobalSection(SolutionConfigurationPlatforms) = preSolution
		Debug|Any CPU = Debug|Any CPU
		Release|Any CPU = Release|Any CPU
	EndGlobalSection
	GlobalSection(ProjectConfigurationPlatforms) = postSolution
		{0DB35FDC-2FEC-4365-A85E-B53B95379B2D}.Debug|Any CPU.ActiveCfg = Debug|Any CPU
		{0DB35FDC-2FEC-4365-A85E-B53B95379B2D}.Debug|Any CPU.Build.0 = Debug|Any CPU
		{0DB35FDC-2FEC-4365-A85E-B53B95379B2D}.Release|Any CPU.ActiveCfg = Release|Any CPU
		{0DB35FDC-2FEC-4365-A85E-B53B95379B2D}.Release|Any CPU.Build.0 = Release|Any CPU
		{73774854-CCBE-4FC0-AE66-724F72CC2828}.Debug|Any CPU.ActiveCfg = Debug|Any CPU
		{73774854-CCBE-4FC0-AE66-724F72CC2828}.Debug|Any CPU.Build.0 = Debug|Any CPU
		{73774854-CCBE-4FC0-AE66-724F72CC2828}.Release|Any CPU.ActiveCfg = Release|Any CPU
		{73774854-CCBE-4FC0-AE66-724F72CC2828}.Release|Any CPU.Build.0 = Release|Any CPU
		{1CBB9316-BFB6-4E24-B977-7E0364395936}.Debug|Any CPU.ActiveCfg = Debug|Any CPU
		{1CBB9316-BFB6-4E24-B977-7E0364395936}.Debug|Any CPU.Build.0 = Debug|Any CPU
		{1CBB9316-BFB6-4E24-B977-7E0364395936}.Release|Any CPU.ActiveCfg = Release|Any CPU
		{1CBB9316-BFB6-4E24-B977-7E0364395936}.Release|Any CPU.Build.0 = Release|Any CPU
		{42C90A41-858E-4600-B5AD-F358A5C0D980}.Debug|Any CPU.ActiveCfg = Debug|Any CPU
		{42C90A41-858E-4600-B5AD-F358A5C0D980}.Debug|Any CPU.Build.0 = Debug|Any CPU
		{42C90A41-858E-4600-B5AD-F358A5C0D980}.Release|Any CPU.ActiveCfg = Release|Any CPU
		{42C90A41-858E-4600-B5AD-F358A5C0D980}.Release|Any CPU.Build.0 = Release|Any CPU
	EndGlobalSection
	GlobalSection(SolutionProperties) = preSolution
		HideSolutionNode = FALSE
	EndGlobalSection
	GlobalSection(NestedProjects) = preSolution
		{7FE3257B-3C61-478D-A56D-2203CA753180} = {02EA681E-C7D8-13C7-8484-4AC65E1B71E8}
		{97DB77BB-C606-4C77-8B6A-03D7FE50127E} = {02EA681E-C7D8-13C7-8484-4AC65E1B71E8}
		{023B7370-CFA1-45B6-BC89-CA5272CF4F0B} = {02EA681E-C7D8-13C7-8484-4AC65E1B71E8}
		{0DB35FDC-2FEC-4365-A85E-B53B95379B2D} = {7FE3257B-3C61-478D-A56D-2203CA753180}
		{73774854-CCBE-4FC0-AE66-724F72CC2828} = {7FE3257B-3C61-478D-A56D-2203CA753180}
		{1CBB9316-BFB6-4E24-B977-7E0364395936} = {97DB77BB-C606-4C77-8B6A-03D7FE50127E}
		{42C90A41-858E-4600-B5AD-F358A5C0D980} = {023B7370-CFA1-45B6-BC89-CA5272CF4F0B}
	EndGlobalSection
	GlobalSection(ExtensibilityGlobals) = postSolution
		SolutionGuid = {33A3E3CA-898F-4E4D-B813-2088012521F7}
	EndGlobalSection
EndGlobal
